
Microsoft Visual Studio Solution File, Format Version 12.00
# Visual Studio 15
VisualStudioVersion = 15.0.28307.438
MinimumVisualStudioVersion = 10.0.40219.1
Project("{2150E333-8FDC-42A3-9474-1A3956D46DE8}") = "0 - Presentations", "0 - Presentations", "{E4265AE8-C489-4795-9595-22D806BCD227}"
EndProject
Project("{2150E333-8FDC-42A3-9474-1A3956D46DE8}") = "1 - Services", "1 - Services", "{85DA2C24-01AE-4C71-9980-3213DF735023}"
EndProject
Project("{2150E333-8FDC-42A3-9474-1A3956D46DE8}") = "2 - Application", "2 - Application", "{5B480AE6-3293-4831-86FC-3134BC612C5C}"
EndProject
Project("{2150E333-8FDC-42A3-9474-1A3956D46DE8}") = "3 - Domain", "3 - Domain", "{D23D783B-4CB6-4B1F-82D2-8CE2B12B304F}"
EndProject
Project("{2150E333-8FDC-42A3-9474-1A3956D46DE8}") = "4 - Infra", "4 - Infra", "{61C98616-25A8-45A8-9743-052D527C245B}"
EndProject
Project("{FAE04EC0-301F-11D3-BF4B-00C04F79EFBC}") = "CtrlBox.Domain", "src\CtrlBox.Domain\CtrlBox.Domain.csproj", "{BF1BD03C-288F-4EF4-BC2A-EE90773C12B0}"
EndProject
Project("{2150E333-8FDC-42A3-9474-1A3956D46DE8}") = "4.1 - CrossCutting", "4.1 - CrossCutting", "{C4E4C9A3-DC13-41BF-B99D-80C015A8EB4B}"
EndProject
Project("{2150E333-8FDC-42A3-9474-1A3956D46DE8}") = "4.2 - Data", "4.2 - Data", "{A0BA3CA4-D0B4-495E-83D7-0C7BE986F450}"
EndProject
Project("{FAE04EC0-301F-11D3-BF4B-00C04F79EFBC}") = "CtrlBox.CrossCutting.Ioc", "src\CtrlBox.CrossCutting.Ioc\CtrlBox.CrossCutting.Ioc.csproj", "{C562D96A-788A-4D64-B332-9D30B3B7369E}"
EndProject
Project("{FAE04EC0-301F-11D3-BF4B-00C04F79EFBC}") = "CtrlBox.Infra.Context", "src\CtrlBox.Infra.Context\CtrlBox.Infra.Context.csproj", "{31F54329-D98F-4A88-8AF0-B1EA4A9CADD8}"
EndProject
Project("{FAE04EC0-301F-11D3-BF4B-00C04F79EFBC}") = "CtrlBox.Infra.Repository", "src\CtrlBox.Infra.Repository\CtrlBox.Infra.Repository.csproj", "{ECFC6F75-384A-4A1D-B42F-E5D2CD1D6FA2}"
EndProject
Project("{FAE04EC0-301F-11D3-BF4B-00C04F79EFBC}") = "CtrlBox.Application", "src\CtrlBox.Application\CtrlBox.Application.csproj", "{F8C3838E-E8F3-4D65-8536-DFCF3084BBA9}"
EndProject
Project("{FAE04EC0-301F-11D3-BF4B-00C04F79EFBC}") = "CtrlBox.UI.Web", "src\CtrlBox.UI.Web\CtrlBox.UI.Web.csproj", "{E758EB99-E8E3-4F33-AF95-C5C57127484F}"
EndProject
Global
	GlobalSection(SolutionConfigurationPlatforms) = preSolution
		Debug|Any CPU = Debug|Any CPU
		Release|Any CPU = Release|Any CPU
	EndGlobalSection
	GlobalSection(ProjectConfigurationPlatforms) = postSolution
		{BF1BD03C-288F-4EF4-BC2A-EE90773C12B0}.Debug|Any CPU.ActiveCfg = Debug|Any CPU
		{BF1BD03C-288F-4EF4-BC2A-EE90773C12B0}.Debug|Any CPU.Build.0 = Debug|Any CPU
		{BF1BD03C-288F-4EF4-BC2A-EE90773C12B0}.Release|Any CPU.ActiveCfg = Release|Any CPU
		{BF1BD03C-288F-4EF4-BC2A-EE90773C12B0}.Release|Any CPU.Build.0 = Release|Any CPU
		{C562D96A-788A-4D64-B332-9D30B3B7369E}.Debug|Any CPU.ActiveCfg = Debug|Any CPU
		{C562D96A-788A-4D64-B332-9D30B3B7369E}.Debug|Any CPU.Build.0 = Debug|Any CPU
		{C562D96A-788A-4D64-B332-9D30B3B7369E}.Release|Any CPU.ActiveCfg = Release|Any CPU
		{C562D96A-788A-4D64-B332-9D30B3B7369E}.Release|Any CPU.Build.0 = Release|Any CPU
		{31F54329-D98F-4A88-8AF0-B1EA4A9CADD8}.Debug|Any CPU.ActiveCfg = Debug|Any CPU
		{31F54329-D98F-4A88-8AF0-B1EA4A9CADD8}.Debug|Any CPU.Build.0 = Debug|Any CPU
		{31F54329-D98F-4A88-8AF0-B1EA4A9CADD8}.Release|Any CPU.ActiveCfg = Release|Any CPU
		{31F54329-D98F-4A88-8AF0-B1EA4A9CADD8}.Release|Any CPU.Build.0 = Release|Any CPU
		{ECFC6F75-384A-4A1D-B42F-E5D2CD1D6FA2}.Debug|Any CPU.ActiveCfg = Debug|Any CPU
		{ECFC6F75-384A-4A1D-B42F-E5D2CD1D6FA2}.Debug|Any CPU.Build.0 = Debug|Any CPU
		{ECFC6F75-384A-4A1D-B42F-E5D2CD1D6FA2}.Release|Any CPU.ActiveCfg = Release|Any CPU
		{ECFC6F75-384A-4A1D-B42F-E5D2CD1D6FA2}.Release|Any CPU.Build.0 = Release|Any CPU
		{F8C3838E-E8F3-4D65-8536-DFCF3084BBA9}.Debug|Any CPU.ActiveCfg = Debug|Any CPU
		{F8C3838E-E8F3-4D65-8536-DFCF3084BBA9}.Debug|Any CPU.Build.0 = Debug|Any CPU
		{F8C3838E-E8F3-4D65-8536-DFCF3084BBA9}.Release|Any CPU.ActiveCfg = Release|Any CPU
		{F8C3838E-E8F3-4D65-8536-DFCF3084BBA9}.Release|Any CPU.Build.0 = Release|Any CPU
		{E758EB99-E8E3-4F33-AF95-C5C57127484F}.Debug|Any CPU.ActiveCfg = Debug|Any CPU
		{E758EB99-E8E3-4F33-AF95-C5C57127484F}.Debug|Any CPU.Build.0 = Debug|Any CPU
		{E758EB99-E8E3-4F33-AF95-C5C57127484F}.Release|Any CPU.ActiveCfg = Release|Any CPU
		{E758EB99-E8E3-4F33-AF95-C5C57127484F}.Release|Any CPU.Build.0 = Release|Any CPU
	EndGlobalSection
	GlobalSection(SolutionProperties) = preSolution
		HideSolutionNode = FALSE
	EndGlobalSection
	GlobalSection(NestedProjects) = preSolution
		{BF1BD03C-288F-4EF4-BC2A-EE90773C12B0} = {D23D783B-4CB6-4B1F-82D2-8CE2B12B304F}
		{C4E4C9A3-DC13-41BF-B99D-80C015A8EB4B} = {61C98616-25A8-45A8-9743-052D527C245B}
		{A0BA3CA4-D0B4-495E-83D7-0C7BE986F450} = {61C98616-25A8-45A8-9743-052D527C245B}
		{C562D96A-788A-4D64-B332-9D30B3B7369E} = {C4E4C9A3-DC13-41BF-B99D-80C015A8EB4B}
		{31F54329-D98F-4A88-8AF0-B1EA4A9CADD8} = {A0BA3CA4-D0B4-495E-83D7-0C7BE986F450}
		{ECFC6F75-384A-4A1D-B42F-E5D2CD1D6FA2} = {A0BA3CA4-D0B4-495E-83D7-0C7BE986F450}
		{F8C3838E-E8F3-4D65-8536-DFCF3084BBA9} = {5B480AE6-3293-4831-86FC-3134BC612C5C}
		{E758EB99-E8E3-4F33-AF95-C5C57127484F} = {E4265AE8-C489-4795-9595-22D806BCD227}
	EndGlobalSection
	GlobalSection(ExtensibilityGlobals) = postSolution
		SolutionGuid = {596B5757-71F3-4F30-92FA-D05D56830A44}
	EndGlobalSection
EndGlobal
